{
  "name": "product-purchase-details",
  "version": "1.0.0",
  "lockfileVersion": 1,
  "requires": true,
  "dependencies": {
    "gsap": {
      "version": "file:gsap-bonus.tgz",
      "integrity": "sha512-UyYjXWIacKIcGJ0ZFkfVhU/ugauBLTLkzOgZ0NaAofoPOXzHNk1sBED6qmlT6s/qG0t4i1rta3cnSpWFQuCWKQ=="
    }
  }
}
